PODS:
  - DYNAVoiceRTCKit (1.0.1)

DEPENDENCIES:
  - DYNAVoiceRTCKit (from `https://raw.githubusercontent.com/DynaAi/VoiceAI-ConversationalAI/main/iOS/DYNAVoiceRTCKit.podspec`)

EXTERNAL SOURCES:
  DYNAVoiceRTCKit:
    :podspec: https://raw.githubusercontent.com/DynaAi/VoiceAI-ConversationalAI/main/iOS/DYNAVoiceRTCKit.podspec

SPEC CHECKSUMS:
  DYNAVoiceRTCKit: a3308cabfdfdf603e8615e9730e2ec25a592836a

PODFILE CHECKSUM: ab91bc9b2f92d88ae04efdca204703c3dd8ab204

COCOAPODS: 1.17.0
