PODS:
  - DYNAVoiceRTCKit (1.0.1)

DEPENDENCIES:
  - DYNAVoiceRTCKit (from `./DYNAVoiceRTCKit.podspec`)

EXTERNAL SOURCES:
  DYNAVoiceRTCKit:
    :podspec: "./DYNAVoiceRTCKit.podspec"

SPEC CHECKSUMS:
  DYNAVoiceRTCKit: a3308cabfdfdf603e8615e9730e2ec25a592836a

PODFILE CHECKSUM: a0bd864d1a6eb9855bdb06c0e2c082828a61d90b

COCOAPODS: 1.17.0
